Microsoft Visual Studio Solution File, Format Version 12.00
# Visual Studio Version 16
VisualStudioVersion = 16.0.0.0
MinimumVisualStudioVersion = 16.0.0.0
Project("{9A19103F-16F7-4668-BE54-9A1E7A4F7556}") = "SmartFridgeKiosk", "SmartFridgeKiosk\SmartFridgeKiosk.csproj", "{FA7B2C3E-E060-471D-923B-011B2C41D264}"
EndProject
Project("{9A19103F-16F7-4668-BE54-9A1E7A4F7556}") = "SmartFridgeKiosk.Client", "SmartFridgeKiosk.Client\SmartFridgeKiosk.Client.csproj", "{7F1C60CB-9171-4C6A-8A60-7C9759BFF239}"
EndProject
Global
	GlobalSection(SolutionConfigurationPlatforms) = preSolution
		Debug|Any CPU = Debug|Any CPU
		Debug|x64 = Debug|x64
		Debug|x86 = Debug|x86
		Release|Any CPU = Release|Any CPU
		Release|x64 = Release|x64
		Release|x86 = Release|x86
	EndGlobalSection
	GlobalSection(ProjectConfigurationPlatforms) = postSolution
		{7F1C60CB-9171-4C6A-8A60-7C9759BFF239}.Debug|Any CPU.ActiveCfg = Debug|Any CPU
		{7F1C60CB-9171-4C6A-8A60-7C9759BFF239}.Debug|Any CPU.Build.0 = Debug|Any CPU
		{7F1C60CB-9171-4C6A-8A60-7C9759BFF239}.Debug|x64.ActiveCfg = Debug|Any CPU
		{7F1C60CB-9171-4C6A-8A60-7C9759BFF239}.Debug|x64.Build.0 = Debug|Any CPU
		{7F1C60CB-9171-4C6A-8A60-7C9759BFF239}.Debug|x86.ActiveCfg = Debug|Any CPU
		{7F1C60CB-9171-4C6A-8A60-7C9759BFF239}.Debug|x86.Build.0 = Debug|Any CPU
		{7F1C60CB-9171-4C6A-8A60-7C9759BFF239}.Release|Any CPU.ActiveCfg = Release|Any CPU
		{7F1C60CB-9171-4C6A-8A60-7C9759BFF239}.Release|Any CPU.Build.0 = Release|Any CPU
		{7F1C60CB-9171-4C6A-8A60-7C9759BFF239}.Release|x64.ActiveCfg = Release|Any CPU
		{7F1C60CB-9171-4C6A-8A60-7C9759BFF239}.Release|x64.Build.0 = Release|Any CPU
		{7F1C60CB-9171-4C6A-8A60-7C9759BFF239}.Release|x86.ActiveCfg = Release|Any CPU
		{7F1C60CB-9171-4C6A-8A60-7C9759BFF239}.Release|x86.Build.0 = Release|Any CPU
		{FA7B2C3E-E060-471D-923B-011B2C41D264}.Debug|Any CPU.ActiveCfg = Debug|Any CPU
		{FA7B2C3E-E060-471D-923B-011B2C41D264}.Debug|Any CPU.Build.0 = Debug|Any CPU
		{FA7B2C3E-E060-471D-923B-011B2C41D264}.Debug|x64.ActiveCfg = Debug|Any CPU
		{FA7B2C3E-E060-471D-923B-011B2C41D264}.Debug|x64.Build.0 = Debug|Any CPU
		{FA7B2C3E-E060-471D-923B-011B2C41D264}.Debug|x86.ActiveCfg = Debug|Any CPU
		{FA7B2C3E-E060-471D-923B-011B2C41D264}.Debug|x86.Build.0 = Debug|Any CPU
		{FA7B2C3E-E060-471D-923B-011B2C41D264}.Release|Any CPU.ActiveCfg = Release|Any CPU
		{FA7B2C3E-E060-471D-923B-011B2C41D264}.Release|Any CPU.Build.0 = Release|Any CPU
		{FA7B2C3E-E060-471D-923B-011B2C41D264}.Release|x64.ActiveCfg = Release|Any CPU
		{FA7B2C3E-E060-471D-923B-011B2C41D264}.Release|x64.Build.0 = Release|Any CPU
		{FA7B2C3E-E060-471D-923B-011B2C41D264}.Release|x86.ActiveCfg = Release|Any CPU
		{FA7B2C3E-E060-471D-923B-011B2C41D264}.Release|x86.Build.0 = Release|Any CPU
	EndGlobalSection
	GlobalSection(SolutionProperties) = preSolution
		HideSolutionNode = FALSE
	EndGlobalSection
	GlobalSection(ExtensibilityGlobals) = postSolution
		SolutionGuid = {126CB72C-3895-48B7-9656-62E181978E64}
	EndGlobalSection
EndGlobal
